
Microsoft Visual Studio Solution File, Format Version 12.00
# Visual Studio 15
VisualStudioVersion = 15.0.28307.271
MinimumVisualStudioVersion = 10.0.40219.1
Project("{FAE04EC0-301F-11D3-BF4B-00C04F79EFBC}") = "WEX", "NFS\WEX.csproj", "{815ACCD2-73CE-4952-A214-B7E70A23FB70}"
EndProject
Project("{8BC9CEB8-8B4A-11D0-8D11-00A0C91BC942}") = "getLastError", "getLastError\test\test.vcxproj", "{DA79B231-F046-4388-B836-2CE21B99488B}"
EndProject
Project("{FAE04EC0-301F-11D3-BF4B-00C04F79EFBC}") = "Update", "Update\Update.csproj", "{D359689D-F984-4A97-A02B-045F6D163B84}"
EndProject
Global
	GlobalSection(SolutionConfigurationPlatforms) = preSolution
		Debug|Any CPU = Debug|Any CPU
		Debug|x64 = Debug|x64
		Debug|x86 = Debug|x86
		Release|Any CPU = Release|Any CPU
		Release|x64 = Release|x64
		Release|x86 = Release|x86
	EndGlobalSection
	GlobalSection(ProjectConfigurationPlatforms) = postSolution
		{815ACCD2-73CE-4952-A214-B7E70A23FB70}.Debug|Any CPU.ActiveCfg = Debug|Any CPU
		{815ACCD2-73CE-4952-A214-B7E70A23FB70}.Debug|Any CPU.Build.0 = Debug|Any CPU
		{815ACCD2-73CE-4952-A214-B7E70A23FB70}.Debug|x64.ActiveCfg = Debug|Any CPU
		{815ACCD2-73CE-4952-A214-B7E70A23FB70}.Debug|x64.Build.0 = Debug|Any CPU
		{815ACCD2-73CE-4952-A214-B7E70A23FB70}.Debug|x86.ActiveCfg = Debug|Any CPU
		{815ACCD2-73CE-4952-A214-B7E70A23FB70}.Debug|x86.Build.0 = Debug|Any CPU
		{815ACCD2-73CE-4952-A214-B7E70A23FB70}.Release|Any CPU.ActiveCfg = Release|Any CPU
		{815ACCD2-73CE-4952-A214-B7E70A23FB70}.Release|Any CPU.Build.0 = Release|Any CPU
		{815ACCD2-73CE-4952-A214-B7E70A23FB70}.Release|x64.ActiveCfg = Release|Any CPU
		{815ACCD2-73CE-4952-A214-B7E70A23FB70}.Release|x64.Build.0 = Release|Any CPU
		{815ACCD2-73CE-4952-A214-B7E70A23FB70}.Release|x86.ActiveCfg = Release|Any CPU
		{815ACCD2-73CE-4952-A214-B7E70A23FB70}.Release|x86.Build.0 = Release|Any CPU
		{DA79B231-F046-4388-B836-2CE21B99488B}.Debug|Any CPU.ActiveCfg = Debug|Win32
		{DA79B231-F046-4388-B836-2CE21B99488B}.Debug|x64.ActiveCfg = Debug|x64
		{DA79B231-F046-4388-B836-2CE21B99488B}.Debug|x64.Build.0 = Debug|x64
		{DA79B231-F046-4388-B836-2CE21B99488B}.Debug|x86.ActiveCfg = Debug|Win32
		{DA79B231-F046-4388-B836-2CE21B99488B}.Debug|x86.Build.0 = Debug|Win32
		{DA79B231-F046-4388-B836-2CE21B99488B}.Release|Any CPU.ActiveCfg = Release|Win32
		{DA79B231-F046-4388-B836-2CE21B99488B}.Release|x64.ActiveCfg = Release|x64
		{DA79B231-F046-4388-B836-2CE21B99488B}.Release|x64.Build.0 = Release|x64
		{DA79B231-F046-4388-B836-2CE21B99488B}.Release|x86.ActiveCfg = Release|Win32
		{DA79B231-F046-4388-B836-2CE21B99488B}.Release|x86.Build.0 = Release|Win32
		{D359689D-F984-4A97-A02B-045F6D163B84}.Debug|Any CPU.ActiveCfg = Debug|Any CPU
		{D359689D-F984-4A97-A02B-045F6D163B84}.Debug|Any CPU.Build.0 = Debug|Any CPU
		{D359689D-F984-4A97-A02B-045F6D163B84}.Debug|x64.ActiveCfg = Debug|Any CPU
		{D359689D-F984-4A97-A02B-045F6D163B84}.Debug|x64.Build.0 = Debug|Any CPU
		{D359689D-F984-4A97-A02B-045F6D163B84}.Debug|x86.ActiveCfg = Debug|Any CPU
		{D359689D-F984-4A97-A02B-045F6D163B84}.Debug|x86.Build.0 = Debug|Any CPU
		{D359689D-F984-4A97-A02B-045F6D163B84}.Release|Any CPU.ActiveCfg = Release|Any CPU
		{D359689D-F984-4A97-A02B-045F6D163B84}.Release|Any CPU.Build.0 = Release|Any CPU
		{D359689D-F984-4A97-A02B-045F6D163B84}.Release|x64.ActiveCfg = Release|Any CPU
		{D359689D-F984-4A97-A02B-045F6D163B84}.Release|x64.Build.0 = Release|Any CPU
		{D359689D-F984-4A97-A02B-045F6D163B84}.Release|x86.ActiveCfg = Release|Any CPU
		{D359689D-F984-4A97-A02B-045F6D163B84}.Release|x86.Build.0 = Release|Any CPU
	EndGlobalSection
	GlobalSection(SolutionProperties) = preSolution
		HideSolutionNode = FALSE
	EndGlobalSection
	GlobalSection(ExtensibilityGlobals) = postSolution
		SolutionGuid = {35FBE152-5E8F-4B97-BEAB-725F2E47AC34}
	EndGlobalSection
EndGlobal
